
Microsoft Visual Studio Solution File, Format Version 12.00
Project("{FAE04EC0-301F-11D3-BF4B-00C04F79EFBC}") = "ConsoleImage", "ConsoleImage\ConsoleImage.csproj", "{7A8183CE-E899-422B-87A8-79DF1292F7B7}"
EndProject
Project("{FAE04EC0-301F-11D3-BF4B-00C04F79EFBC}") = "ConsoleImage.Core", "ConsoleImage.Core\ConsoleImage.Core.csproj", "{A3F7117F-8B53-4F21-A347-5472A84124FB}"
EndProject
Global
	GlobalSection(SolutionConfigurationPlatforms) = preSolution
		Debug|Any CPU = Debug|Any CPU
		Release|Any CPU = Release|Any CPU
	EndGlobalSection
	GlobalSection(ProjectConfigurationPlatforms) = postSolution
		{7A8183CE-E899-422B-87A8-79DF1292F7B7}.Debug|Any CPU.ActiveCfg = Debug|Any CPU
		{7A8183CE-E899-422B-87A8-79DF1292F7B7}.Debug|Any CPU.Build.0 = Debug|Any CPU
		{7A8183CE-E899-422B-87A8-79DF1292F7B7}.Release|Any CPU.ActiveCfg = Release|Any CPU
		{7A8183CE-E899-422B-87A8-79DF1292F7B7}.Release|Any CPU.Build.0 = Release|Any CPU
		{A3F7117F-8B53-4F21-A347-5472A84124FB}.Debug|Any CPU.ActiveCfg = Debug|Any CPU
		{A3F7117F-8B53-4F21-A347-5472A84124FB}.Debug|Any CPU.Build.0 = Debug|Any CPU
		{A3F7117F-8B53-4F21-A347-5472A84124FB}.Release|Any CPU.ActiveCfg = Release|Any CPU
		{A3F7117F-8B53-4F21-A347-5472A84124FB}.Release|Any CPU.Build.0 = Release|Any CPU
	EndGlobalSection
EndGlobal
