
Microsoft Visual Studio Solution File, Format Version 12.00
Project("{FAE04EC0-301F-11D3-BF4B-00C04F79EFBC}") = "ConsoleImage", "ConsoleImage\ConsoleImage.csproj", "{7A8183CE-E899-422B-87A8-79DF1292F7B7}"
EndProject
Project("{FAE04EC0-301F-11D3-BF4B-00C04F79EFBC}") = "ConsoleImage.Core", "ConsoleImage.Core\ConsoleImage.Core.csproj", "{A3F7117F-8B53-4F21-A347-5472A84124FB}"
EndProject
Project("{2150E333-8FDC-42A3-9474-1A3956D46DE8}") = "solution", "solution", "{943FC0A3-EAB3-431D-BB4D-B1B852B3E69C}"
	ProjectSection(SolutionItems) = preProject
		.github\workflows\ci.yml = .github\workflows\ci.yml
		.github\workflows\release.yml = .github\workflows\release.yml
		README.md = README.md
		.gitignore = .gitignore
		.github\workflows\publish-nuget.yml = .github\workflows\publish-nuget.yml
		wiggum_loop.gif = wiggum_loop.gif
	EndProjectSection
EndProject
Project("{FAE04EC0-301F-11D3-BF4B-00C04F79EFBC}") = "ConsoleImage.Spectre", "ConsoleImage.Spectre\ConsoleImage.Spectre.csproj", "{5A378B4D-0809-4F5B-B0C5-D6EE4D1310A7}"
EndProject
Project("{FAE04EC0-301F-11D3-BF4B-00C04F79EFBC}") = "ConsoleImage.SpectreDemo", "ConsoleImage.SpectreDemo\ConsoleImage.SpectreDemo.csproj", "{F8EF619B-8E1C-476F-80BE-B232E5FFE955}"
EndProject
Global
	GlobalSection(SolutionConfigurationPlatforms) = preSolution
		Debug|Any CPU = Debug|Any CPU
		Release|Any CPU = Release|Any CPU
	EndGlobalSection
	GlobalSection(ProjectConfigurationPlatforms) = postSolution
		{7A8183CE-E899-422B-87A8-79DF1292F7B7}.Debug|Any CPU.ActiveCfg = Debug|Any CPU
		{7A8183CE-E899-422B-87A8-79DF1292F7B7}.Debug|Any CPU.Build.0 = Debug|Any CPU
		{7A8183CE-E899-422B-87A8-79DF1292F7B7}.Release|Any CPU.ActiveCfg = Release|Any CPU
		{7A8183CE-E899-422B-87A8-79DF1292F7B7}.Release|Any CPU.Build.0 = Release|Any CPU
		{A3F7117F-8B53-4F21-A347-5472A84124FB}.Debug|Any CPU.ActiveCfg = Debug|Any CPU
		{A3F7117F-8B53-4F21-A347-5472A84124FB}.Debug|Any CPU.Build.0 = Debug|Any CPU
		{A3F7117F-8B53-4F21-A347-5472A84124FB}.Release|Any CPU.ActiveCfg = Release|Any CPU
		{A3F7117F-8B53-4F21-A347-5472A84124FB}.Release|Any CPU.Build.0 = Release|Any CPU
		{5A378B4D-0809-4F5B-B0C5-D6EE4D1310A7}.Debug|Any CPU.ActiveCfg = Debug|Any CPU
		{5A378B4D-0809-4F5B-B0C5-D6EE4D1310A7}.Debug|Any CPU.Build.0 = Debug|Any CPU
		{5A378B4D-0809-4F5B-B0C5-D6EE4D1310A7}.Release|Any CPU.ActiveCfg = Release|Any CPU
		{5A378B4D-0809-4F5B-B0C5-D6EE4D1310A7}.Release|Any CPU.Build.0 = Release|Any CPU
		{F8EF619B-8E1C-476F-80BE-B232E5FFE955}.Debug|Any CPU.ActiveCfg = Debug|Any CPU
		{F8EF619B-8E1C-476F-80BE-B232E5FFE955}.Debug|Any CPU.Build.0 = Debug|Any CPU
		{F8EF619B-8E1C-476F-80BE-B232E5FFE955}.Release|Any CPU.ActiveCfg = Release|Any CPU
		{F8EF619B-8E1C-476F-80BE-B232E5FFE955}.Release|Any CPU.Build.0 = Release|Any CPU
	EndGlobalSection
EndGlobal
