
Microsoft Visual Studio Solution File, Format Version 12.00
Project("{FAE04EC0-301F-11D3-BF4B-00C04F79EFBC}") = "ConsoleImage.Core", "ConsoleImage.Core\ConsoleImage.Core.csproj", "{A3F7117F-8B53-4F21-A347-5472A84124FB}"
EndProject
Project("{2150E333-8FDC-42A3-9474-1A3956D46DE8}") = "solution", "solution", "{943FC0A3-EAB3-431D-BB4D-B1B852B3E69C}"
	ProjectSection(SolutionItems) = preProject
		.github\workflows\ci.yml = .github\workflows\ci.yml
		.github\workflows\release.yml = .github\workflows\release.yml
		README.md = README.md
		.gitignore = .gitignore
		.github\workflows\publish-nuget.yml = .github\workflows\publish-nuget.yml
		docs\JSON-FORMAT.md = docs\JSON-FORMAT.md
		.github\workflows\publish-all-nuget.yml = .github\workflows\publish-all-nuget.yml
		.github\workflows\publish-nuget-spectre.yml = .github\workflows\publish-nuget-spectre.yml
		.github\workflows\publish-nuget-transcription.yml = .github\workflows\publish-nuget-transcription.yml
		.github\workflows\publish-nuget-video.yml = .github\workflows\publish-nuget-video.yml
		.github\workflows\release-spectre-demo.yml = .github\workflows\release-spectre-demo.yml
	EndProjectSection
EndProject
Project("{FAE04EC0-301F-11D3-BF4B-00C04F79EFBC}") = "ConsoleImage.Spectre", "ConsoleImage.Spectre\ConsoleImage.Spectre.csproj", "{5A378B4D-0809-4F5B-B0C5-D6EE4D1310A7}"
EndProject
Project("{FAE04EC0-301F-11D3-BF4B-00C04F79EFBC}") = "ConsoleImage.SpectreDemo", "ConsoleImage.SpectreDemo\ConsoleImage.SpectreDemo.csproj", "{F8EF619B-8E1C-476F-80BE-B232E5FFE955}"
EndProject
Project("{FAE04EC0-301F-11D3-BF4B-00C04F79EFBC}") = "ConsoleImage.Video.Core", "ConsoleImage.Video.Core\ConsoleImage.Video.Core.csproj", "{B2C4E8A1-3D5F-4A2B-9E7C-1F8D0A6B5C4E}"
EndProject
Project("{FAE04EC0-301F-11D3-BF4B-00C04F79EFBC}") = "ConsoleImage", "ConsoleImage\ConsoleImage.csproj", "{D3E5F7A2-4B6C-5D8E-0F1A-2B3C4D5E6F7A}"
EndProject
Project("{FAE04EC0-301F-11D3-BF4B-00C04F79EFBC}") = "ConsoleImage.Core.Tests", "ConsoleImage.Core.Tests\ConsoleImage.Core.Tests.csproj", "{42C16D00-D183-478D-BCDB-D01AD2CD3A79}"
EndProject
Project("{FAE04EC0-301F-11D3-BF4B-00C04F79EFBC}") = "ConsoleImage.Video.Core.Tests", "ConsoleImage.Video.Core.Tests\ConsoleImage.Video.Core.Tests.csproj", "{DF173E8A-972B-431C-B06C-480FA41053EA}"
EndProject
Project("{FAE04EC0-301F-11D3-BF4B-00C04F79EFBC}") = "ConsoleImage.DocTests", "ConsoleImage.DocTests\ConsoleImage.DocTests.csproj", "{54B5215C-CF1A-40FE-89E4-230CC4CC8A9D}"
EndProject
Project("{FAE04EC0-301F-11D3-BF4B-00C04F79EFBC}") = "ConsoleImage.Mcp", "ConsoleImage.Mcp\ConsoleImage.Mcp.csproj", "{E7F8A9B1-2C3D-4E5F-A6B7-8C9D0E1F2A3B}"
EndProject
Project("{FAE04EC0-301F-11D3-BF4B-00C04F79EFBC}") = "ConsoleImage.Player", "ConsoleImage.Player\ConsoleImage.Player.csproj", "{52B253C5-4561-47FE-B773-E4A5D616A023}"
EndProject
Project("{FAE04EC0-301F-11D3-BF4B-00C04F79EFBC}") = "ConsoleImage.Player.Spectre", "ConsoleImage.Player.Spectre\ConsoleImage.Player.Spectre.csproj", "{8C4A6189-0BEE-4F7E-A8D6-6021408E9C46}"
EndProject
Project("{FAE04EC0-301F-11D3-BF4B-00C04F79EFBC}") = "ConsoleImage.Player.Tests", "ConsoleImage.Player.Tests\ConsoleImage.Player.Tests.csproj", "{67AC4B48-1B5C-407E-856A-80F5F11F3A41}"
EndProject
Project("{FAE04EC0-301F-11D3-BF4B-00C04F79EFBC}") = "ConsoleImage.Player.Demo", "ConsoleImage.Player.Demo\ConsoleImage.Player.Demo.csproj", "{0D57273B-8FFE-41BE-975A-ACD9C3B96F23}"
EndProject
Project("{FAE04EC0-301F-11D3-BF4B-00C04F79EFBC}") = "ConsoleVideo.Avalonia", "ConsoleVideo.Avalonia\ConsoleVideo.Avalonia.csproj", "{D63034CF-ECC8-4781-A70F-038AFED65077}"
EndProject
Project("{FAE04EC0-301F-11D3-BF4B-00C04F79EFBC}") = "ConsoleImage.Transcription", "ConsoleImage.Transcription\ConsoleImage.Transcription.csproj", "{A6AADBD4-CB42-4DA6-8302-63130FB53091}"
EndProject
Project("{FAE04EC0-301F-11D3-BF4B-00C04F79EFBC}") = "ConsoleImage.Benchmarks", "ConsoleImage.Benchmarks\ConsoleImage.Benchmarks.csproj", "{F59D171D-E7D9-49A1-BC7D-0288BE8FC812}"
EndProject
Global
	GlobalSection(SolutionConfigurationPlatforms) = preSolution
		Debug|Any CPU = Debug|Any CPU
		Debug|x64 = Debug|x64
		Debug|x86 = Debug|x86
		Release|Any CPU = Release|Any CPU
		Release|x64 = Release|x64
		Release|x86 = Release|x86
	EndGlobalSection
	GlobalSection(ProjectConfigurationPlatforms) = postSolution
		{A3F7117F-8B53-4F21-A347-5472A84124FB}.Debug|Any CPU.ActiveCfg = Debug|Any CPU
		{A3F7117F-8B53-4F21-A347-5472A84124FB}.Debug|Any CPU.Build.0 = Debug|Any CPU
		{A3F7117F-8B53-4F21-A347-5472A84124FB}.Debug|x64.ActiveCfg = Debug|Any CPU
		{A3F7117F-8B53-4F21-A347-5472A84124FB}.Debug|x64.Build.0 = Debug|Any CPU
		{A3F7117F-8B53-4F21-A347-5472A84124FB}.Debug|x86.ActiveCfg = Debug|Any CPU
		{A3F7117F-8B53-4F21-A347-5472A84124FB}.Debug|x86.Build.0 = Debug|Any CPU
		{A3F7117F-8B53-4F21-A347-5472A84124FB}.Release|Any CPU.ActiveCfg = Release|Any CPU
		{A3F7117F-8B53-4F21-A347-5472A84124FB}.Release|Any CPU.Build.0 = Release|Any CPU
		{A3F7117F-8B53-4F21-A347-5472A84124FB}.Release|x64.ActiveCfg = Release|Any CPU
		{A3F7117F-8B53-4F21-A347-5472A84124FB}.Release|x64.Build.0 = Release|Any CPU
		{A3F7117F-8B53-4F21-A347-5472A84124FB}.Release|x86.ActiveCfg = Release|Any CPU
		{A3F7117F-8B53-4F21-A347-5472A84124FB}.Release|x86.Build.0 = Release|Any CPU
		{5A378B4D-0809-4F5B-B0C5-D6EE4D1310A7}.Debug|Any CPU.ActiveCfg = Debug|Any CPU
		{5A378B4D-0809-4F5B-B0C5-D6EE4D1310A7}.Debug|Any CPU.Build.0 = Debug|Any CPU
		{5A378B4D-0809-4F5B-B0C5-D6EE4D1310A7}.Debug|x64.ActiveCfg = Debug|Any CPU
		{5A378B4D-0809-4F5B-B0C5-D6EE4D1310A7}.Debug|x64.Build.0 = Debug|Any CPU
		{5A378B4D-0809-4F5B-B0C5-D6EE4D1310A7}.Debug|x86.ActiveCfg = Debug|Any CPU
		{5A378B4D-0809-4F5B-B0C5-D6EE4D1310A7}.Debug|x86.Build.0 = Debug|Any CPU
		{5A378B4D-0809-4F5B-B0C5-D6EE4D1310A7}.Release|Any CPU.ActiveCfg = Release|Any CPU
		{5A378B4D-0809-4F5B-B0C5-D6EE4D1310A7}.Release|Any CPU.Build.0 = Release|Any CPU
		{5A378B4D-0809-4F5B-B0C5-D6EE4D1310A7}.Release|x64.ActiveCfg = Release|Any CPU
		{5A378B4D-0809-4F5B-B0C5-D6EE4D1310A7}.Release|x64.Build.0 = Release|Any CPU
		{5A378B4D-0809-4F5B-B0C5-D6EE4D1310A7}.Release|x86.ActiveCfg = Release|Any CPU
		{5A378B4D-0809-4F5B-B0C5-D6EE4D1310A7}.Release|x86.Build.0 = Release|Any CPU
		{F8EF619B-8E1C-476F-80BE-B232E5FFE955}.Debug|Any CPU.ActiveCfg = Debug|Any CPU
		{F8EF619B-8E1C-476F-80BE-B232E5FFE955}.Debug|Any CPU.Build.0 = Debug|Any CPU
		{F8EF619B-8E1C-476F-80BE-B232E5FFE955}.Debug|x64.ActiveCfg = Debug|Any CPU
		{F8EF619B-8E1C-476F-80BE-B232E5FFE955}.Debug|x64.Build.0 = Debug|Any CPU
		{F8EF619B-8E1C-476F-80BE-B232E5FFE955}.Debug|x86.ActiveCfg = Debug|Any CPU
		{F8EF619B-8E1C-476F-80BE-B232E5FFE955}.Debug|x86.Build.0 = Debug|Any CPU
		{F8EF619B-8E1C-476F-80BE-B232E5FFE955}.Release|Any CPU.ActiveCfg = Release|Any CPU
		{F8EF619B-8E1C-476F-80BE-B232E5FFE955}.Release|Any CPU.Build.0 = Release|Any CPU
		{F8EF619B-8E1C-476F-80BE-B232E5FFE955}.Release|x64.ActiveCfg = Release|Any CPU
		{F8EF619B-8E1C-476F-80BE-B232E5FFE955}.Release|x64.Build.0 = Release|Any CPU
		{F8EF619B-8E1C-476F-80BE-B232E5FFE955}.Release|x86.ActiveCfg = Release|Any CPU
		{F8EF619B-8E1C-476F-80BE-B232E5FFE955}.Release|x86.Build.0 = Release|Any CPU
		{B2C4E8A1-3D5F-4A2B-9E7C-1F8D0A6B5C4E}.Debug|Any CPU.ActiveCfg = Debug|Any CPU
		{B2C4E8A1-3D5F-4A2B-9E7C-1F8D0A6B5C4E}.Debug|Any CPU.Build.0 = Debug|Any CPU
		{B2C4E8A1-3D5F-4A2B-9E7C-1F8D0A6B5C4E}.Debug|x64.ActiveCfg = Debug|Any CPU
		{B2C4E8A1-3D5F-4A2B-9E7C-1F8D0A6B5C4E}.Debug|x64.Build.0 = Debug|Any CPU
		{B2C4E8A1-3D5F-4A2B-9E7C-1F8D0A6B5C4E}.Debug|x86.ActiveCfg = Debug|Any CPU
		{B2C4E8A1-3D5F-4A2B-9E7C-1F8D0A6B5C4E}.Debug|x86.Build.0 = Debug|Any CPU
		{B2C4E8A1-3D5F-4A2B-9E7C-1F8D0A6B5C4E}.Release|Any CPU.ActiveCfg = Release|Any CPU
		{B2C4E8A1-3D5F-4A2B-9E7C-1F8D0A6B5C4E}.Release|Any CPU.Build.0 = Release|Any CPU
		{B2C4E8A1-3D5F-4A2B-9E7C-1F8D0A6B5C4E}.Release|x64.ActiveCfg = Release|Any CPU
		{B2C4E8A1-3D5F-4A2B-9E7C-1F8D0A6B5C4E}.Release|x64.Build.0 = Release|Any CPU
		{B2C4E8A1-3D5F-4A2B-9E7C-1F8D0A6B5C4E}.Release|x86.ActiveCfg = Release|Any CPU
		{B2C4E8A1-3D5F-4A2B-9E7C-1F8D0A6B5C4E}.Release|x86.Build.0 = Release|Any CPU
		{D3E5F7A2-4B6C-5D8E-0F1A-2B3C4D5E6F7A}.Debug|Any CPU.ActiveCfg = Debug|Any CPU
		{D3E5F7A2-4B6C-5D8E-0F1A-2B3C4D5E6F7A}.Debug|Any CPU.Build.0 = Debug|Any CPU
		{D3E5F7A2-4B6C-5D8E-0F1A-2B3C4D5E6F7A}.Debug|x64.ActiveCfg = Debug|Any CPU
		{D3E5F7A2-4B6C-5D8E-0F1A-2B3C4D5E6F7A}.Debug|x64.Build.0 = Debug|Any CPU
		{D3E5F7A2-4B6C-5D8E-0F1A-2B3C4D5E6F7A}.Debug|x86.ActiveCfg = Debug|Any CPU
		{D3E5F7A2-4B6C-5D8E-0F1A-2B3C4D5E6F7A}.Debug|x86.Build.0 = Debug|Any CPU
		{D3E5F7A2-4B6C-5D8E-0F1A-2B3C4D5E6F7A}.Release|Any CPU.ActiveCfg = Release|Any CPU
		{D3E5F7A2-4B6C-5D8E-0F1A-2B3C4D5E6F7A}.Release|Any CPU.Build.0 = Release|Any CPU
		{D3E5F7A2-4B6C-5D8E-0F1A-2B3C4D5E6F7A}.Release|x64.ActiveCfg = Release|Any CPU
		{D3E5F7A2-4B6C-5D8E-0F1A-2B3C4D5E6F7A}.Release|x64.Build.0 = Release|Any CPU
		{D3E5F7A2-4B6C-5D8E-0F1A-2B3C4D5E6F7A}.Release|x86.ActiveCfg = Release|Any CPU
		{D3E5F7A2-4B6C-5D8E-0F1A-2B3C4D5E6F7A}.Release|x86.Build.0 = Release|Any CPU
		{42C16D00-D183-478D-BCDB-D01AD2CD3A79}.Debug|Any CPU.ActiveCfg = Debug|Any CPU
		{42C16D00-D183-478D-BCDB-D01AD2CD3A79}.Debug|Any CPU.Build.0 = Debug|Any CPU
		{42C16D00-D183-478D-BCDB-D01AD2CD3A79}.Debug|x64.ActiveCfg = Debug|Any CPU
		{42C16D00-D183-478D-BCDB-D01AD2CD3A79}.Debug|x64.Build.0 = Debug|Any CPU
		{42C16D00-D183-478D-BCDB-D01AD2CD3A79}.Debug|x86.ActiveCfg = Debug|Any CPU
		{42C16D00-D183-478D-BCDB-D01AD2CD3A79}.Debug|x86.Build.0 = Debug|Any CPU
		{42C16D00-D183-478D-BCDB-D01AD2CD3A79}.Release|Any CPU.ActiveCfg = Release|Any CPU
		{42C16D00-D183-478D-BCDB-D01AD2CD3A79}.Release|Any CPU.Build.0 = Release|Any CPU
		{42C16D00-D183-478D-BCDB-D01AD2CD3A79}.Release|x64.ActiveCfg = Release|Any CPU
		{42C16D00-D183-478D-BCDB-D01AD2CD3A79}.Release|x64.Build.0 = Release|Any CPU
		{42C16D00-D183-478D-BCDB-D01AD2CD3A79}.Release|x86.ActiveCfg = Release|Any CPU
		{42C16D00-D183-478D-BCDB-D01AD2CD3A79}.Release|x86.Build.0 = Release|Any CPU
		{DF173E8A-972B-431C-B06C-480FA41053EA}.Debug|Any CPU.ActiveCfg = Debug|Any CPU
		{DF173E8A-972B-431C-B06C-480FA41053EA}.Debug|Any CPU.Build.0 = Debug|Any CPU
		{DF173E8A-972B-431C-B06C-480FA41053EA}.Debug|x64.ActiveCfg = Debug|Any CPU
		{DF173E8A-972B-431C-B06C-480FA41053EA}.Debug|x64.Build.0 = Debug|Any CPU
		{DF173E8A-972B-431C-B06C-480FA41053EA}.Debug|x86.ActiveCfg = Debug|Any CPU
		{DF173E8A-972B-431C-B06C-480FA41053EA}.Debug|x86.Build.0 = Debug|Any CPU
		{DF173E8A-972B-431C-B06C-480FA41053EA}.Release|Any CPU.ActiveCfg = Release|Any CPU
		{DF173E8A-972B-431C-B06C-480FA41053EA}.Release|Any CPU.Build.0 = Release|Any CPU
		{DF173E8A-972B-431C-B06C-480FA41053EA}.Release|x64.ActiveCfg = Release|Any CPU
		{DF173E8A-972B-431C-B06C-480FA41053EA}.Release|x64.Build.0 = Release|Any CPU
		{DF173E8A-972B-431C-B06C-480FA41053EA}.Release|x86.ActiveCfg = Release|Any CPU
		{DF173E8A-972B-431C-B06C-480FA41053EA}.Release|x86.Build.0 = Release|Any CPU
		{54B5215C-CF1A-40FE-89E4-230CC4CC8A9D}.Debug|Any CPU.ActiveCfg = Debug|Any CPU
		{54B5215C-CF1A-40FE-89E4-230CC4CC8A9D}.Debug|Any CPU.Build.0 = Debug|Any CPU
		{54B5215C-CF1A-40FE-89E4-230CC4CC8A9D}.Debug|x64.ActiveCfg = Debug|Any CPU
		{54B5215C-CF1A-40FE-89E4-230CC4CC8A9D}.Debug|x64.Build.0 = Debug|Any CPU
		{54B5215C-CF1A-40FE-89E4-230CC4CC8A9D}.Debug|x86.ActiveCfg = Debug|Any CPU
		{54B5215C-CF1A-40FE-89E4-230CC4CC8A9D}.Debug|x86.Build.0 = Debug|Any CPU
		{54B5215C-CF1A-40FE-89E4-230CC4CC8A9D}.Release|Any CPU.ActiveCfg = Release|Any CPU
		{54B5215C-CF1A-40FE-89E4-230CC4CC8A9D}.Release|Any CPU.Build.0 = Release|Any CPU
		{54B5215C-CF1A-40FE-89E4-230CC4CC8A9D}.Release|x64.ActiveCfg = Release|Any CPU
		{54B5215C-CF1A-40FE-89E4-230CC4CC8A9D}.Release|x64.Build.0 = Release|Any CPU
		{54B5215C-CF1A-40FE-89E4-230CC4CC8A9D}.Release|x86.ActiveCfg = Release|Any CPU
		{54B5215C-CF1A-40FE-89E4-230CC4CC8A9D}.Release|x86.Build.0 = Release|Any CPU
		{E7F8A9B1-2C3D-4E5F-A6B7-8C9D0E1F2A3B}.Debug|Any CPU.ActiveCfg = Debug|Any CPU
		{E7F8A9B1-2C3D-4E5F-A6B7-8C9D0E1F2A3B}.Debug|Any CPU.Build.0 = Debug|Any CPU
		{E7F8A9B1-2C3D-4E5F-A6B7-8C9D0E1F2A3B}.Debug|x64.ActiveCfg = Debug|Any CPU
		{E7F8A9B1-2C3D-4E5F-A6B7-8C9D0E1F2A3B}.Debug|x64.Build.0 = Debug|Any CPU
		{E7F8A9B1-2C3D-4E5F-A6B7-8C9D0E1F2A3B}.Debug|x86.ActiveCfg = Debug|Any CPU
		{E7F8A9B1-2C3D-4E5F-A6B7-8C9D0E1F2A3B}.Debug|x86.Build.0 = Debug|Any CPU
		{E7F8A9B1-2C3D-4E5F-A6B7-8C9D0E1F2A3B}.Release|Any CPU.ActiveCfg = Release|Any CPU
		{E7F8A9B1-2C3D-4E5F-A6B7-8C9D0E1F2A3B}.Release|Any CPU.Build.0 = Release|Any CPU
		{E7F8A9B1-2C3D-4E5F-A6B7-8C9D0E1F2A3B}.Release|x64.ActiveCfg = Release|Any CPU
		{E7F8A9B1-2C3D-4E5F-A6B7-8C9D0E1F2A3B}.Release|x64.Build.0 = Release|Any CPU
		{E7F8A9B1-2C3D-4E5F-A6B7-8C9D0E1F2A3B}.Release|x86.ActiveCfg = Release|Any CPU
		{E7F8A9B1-2C3D-4E5F-A6B7-8C9D0E1F2A3B}.Release|x86.Build.0 = Release|Any CPU
		{52B253C5-4561-47FE-B773-E4A5D616A023}.Debug|Any CPU.ActiveCfg = Debug|Any CPU
		{52B253C5-4561-47FE-B773-E4A5D616A023}.Debug|Any CPU.Build.0 = Debug|Any CPU
		{52B253C5-4561-47FE-B773-E4A5D616A023}.Debug|x64.ActiveCfg = Debug|Any CPU
		{52B253C5-4561-47FE-B773-E4A5D616A023}.Debug|x64.Build.0 = Debug|Any CPU
		{52B253C5-4561-47FE-B773-E4A5D616A023}.Debug|x86.ActiveCfg = Debug|Any CPU
		{52B253C5-4561-47FE-B773-E4A5D616A023}.Debug|x86.Build.0 = Debug|Any CPU
		{52B253C5-4561-47FE-B773-E4A5D616A023}.Release|Any CPU.ActiveCfg = Release|Any CPU
		{52B253C5-4561-47FE-B773-E4A5D616A023}.Release|Any CPU.Build.0 = Release|Any CPU
		{52B253C5-4561-47FE-B773-E4A5D616A023}.Release|x64.ActiveCfg = Release|Any CPU
		{52B253C5-4561-47FE-B773-E4A5D616A023}.Release|x64.Build.0 = Release|Any CPU
		{52B253C5-4561-47FE-B773-E4A5D616A023}.Release|x86.ActiveCfg = Release|Any CPU
		{52B253C5-4561-47FE-B773-E4A5D616A023}.Release|x86.Build.0 = Release|Any CPU
		{8C4A6189-0BEE-4F7E-A8D6-6021408E9C46}.Debug|Any CPU.ActiveCfg = Debug|Any CPU
		{8C4A6189-0BEE-4F7E-A8D6-6021408E9C46}.Debug|Any CPU.Build.0 = Debug|Any CPU
		{8C4A6189-0BEE-4F7E-A8D6-6021408E9C46}.Debug|x64.ActiveCfg = Debug|Any CPU
		{8C4A6189-0BEE-4F7E-A8D6-6021408E9C46}.Debug|x64.Build.0 = Debug|Any CPU
		{8C4A6189-0BEE-4F7E-A8D6-6021408E9C46}.Debug|x86.ActiveCfg = Debug|Any CPU
		{8C4A6189-0BEE-4F7E-A8D6-6021408E9C46}.Debug|x86.Build.0 = Debug|Any CPU
		{8C4A6189-0BEE-4F7E-A8D6-6021408E9C46}.Release|Any CPU.ActiveCfg = Release|Any CPU
		{8C4A6189-0BEE-4F7E-A8D6-6021408E9C46}.Release|Any CPU.Build.0 = Release|Any CPU
		{8C4A6189-0BEE-4F7E-A8D6-6021408E9C46}.Release|x64.ActiveCfg = Release|Any CPU
		{8C4A6189-0BEE-4F7E-A8D6-6021408E9C46}.Release|x64.Build.0 = Release|Any CPU
		{8C4A6189-0BEE-4F7E-A8D6-6021408E9C46}.Release|x86.ActiveCfg = Release|Any CPU
		{8C4A6189-0BEE-4F7E-A8D6-6021408E9C46}.Release|x86.Build.0 = Release|Any CPU
		{67AC4B48-1B5C-407E-856A-80F5F11F3A41}.Debug|Any CPU.ActiveCfg = Debug|Any CPU
		{67AC4B48-1B5C-407E-856A-80F5F11F3A41}.Debug|Any CPU.Build.0 = Debug|Any CPU
		{67AC4B48-1B5C-407E-856A-80F5F11F3A41}.Debug|x64.ActiveCfg = Debug|Any CPU
		{67AC4B48-1B5C-407E-856A-80F5F11F3A41}.Debug|x64.Build.0 = Debug|Any CPU
		{67AC4B48-1B5C-407E-856A-80F5F11F3A41}.Debug|x86.ActiveCfg = Debug|Any CPU
		{67AC4B48-1B5C-407E-856A-80F5F11F3A41}.Debug|x86.Build.0 = Debug|Any CPU
		{67AC4B48-1B5C-407E-856A-80F5F11F3A41}.Release|Any CPU.ActiveCfg = Release|Any CPU
		{67AC4B48-1B5C-407E-856A-80F5F11F3A41}.Release|Any CPU.Build.0 = Release|Any CPU
		{67AC4B48-1B5C-407E-856A-80F5F11F3A41}.Release|x64.ActiveCfg = Release|Any CPU
		{67AC4B48-1B5C-407E-856A-80F5F11F3A41}.Release|x64.Build.0 = Release|Any CPU
		{67AC4B48-1B5C-407E-856A-80F5F11F3A41}.Release|x86.ActiveCfg = Release|Any CPU
		{67AC4B48-1B5C-407E-856A-80F5F11F3A41}.Release|x86.Build.0 = Release|Any CPU
		{0D57273B-8FFE-41BE-975A-ACD9C3B96F23}.Debug|Any CPU.ActiveCfg = Debug|Any CPU
		{0D57273B-8FFE-41BE-975A-ACD9C3B96F23}.Debug|Any CPU.Build.0 = Debug|Any CPU
		{0D57273B-8FFE-41BE-975A-ACD9C3B96F23}.Debug|x64.ActiveCfg = Debug|Any CPU
		{0D57273B-8FFE-41BE-975A-ACD9C3B96F23}.Debug|x64.Build.0 = Debug|Any CPU
		{0D57273B-8FFE-41BE-975A-ACD9C3B96F23}.Debug|x86.ActiveCfg = Debug|Any CPU
		{0D57273B-8FFE-41BE-975A-ACD9C3B96F23}.Debug|x86.Build.0 = Debug|Any CPU
		{0D57273B-8FFE-41BE-975A-ACD9C3B96F23}.Release|Any CPU.ActiveCfg = Release|Any CPU
		{0D57273B-8FFE-41BE-975A-ACD9C3B96F23}.Release|Any CPU.Build.0 = Release|Any CPU
		{0D57273B-8FFE-41BE-975A-ACD9C3B96F23}.Release|x64.ActiveCfg = Release|Any CPU
		{0D57273B-8FFE-41BE-975A-ACD9C3B96F23}.Release|x64.Build.0 = Release|Any CPU
		{0D57273B-8FFE-41BE-975A-ACD9C3B96F23}.Release|x86.ActiveCfg = Release|Any CPU
		{0D57273B-8FFE-41BE-975A-ACD9C3B96F23}.Release|x86.Build.0 = Release|Any CPU
		{D63034CF-ECC8-4781-A70F-038AFED65077}.Debug|Any CPU.ActiveCfg = Debug|Any CPU
		{D63034CF-ECC8-4781-A70F-038AFED65077}.Debug|Any CPU.Build.0 = Debug|Any CPU
		{D63034CF-ECC8-4781-A70F-038AFED65077}.Debug|x64.ActiveCfg = Debug|Any CPU
		{D63034CF-ECC8-4781-A70F-038AFED65077}.Debug|x64.Build.0 = Debug|Any CPU
		{D63034CF-ECC8-4781-A70F-038AFED65077}.Debug|x86.ActiveCfg = Debug|Any CPU
		{D63034CF-ECC8-4781-A70F-038AFED65077}.Debug|x86.Build.0 = Debug|Any CPU
		{D63034CF-ECC8-4781-A70F-038AFED65077}.Release|Any CPU.ActiveCfg = Release|Any CPU
		{D63034CF-ECC8-4781-A70F-038AFED65077}.Release|Any CPU.Build.0 = Release|Any CPU
		{D63034CF-ECC8-4781-A70F-038AFED65077}.Release|x64.ActiveCfg = Release|Any CPU
		{D63034CF-ECC8-4781-A70F-038AFED65077}.Release|x64.Build.0 = Release|Any CPU
		{D63034CF-ECC8-4781-A70F-038AFED65077}.Release|x86.ActiveCfg = Release|Any CPU
		{D63034CF-ECC8-4781-A70F-038AFED65077}.Release|x86.Build.0 = Release|Any CPU
		{A6AADBD4-CB42-4DA6-8302-63130FB53091}.Debug|Any CPU.ActiveCfg = Debug|Any CPU
		{A6AADBD4-CB42-4DA6-8302-63130FB53091}.Debug|Any CPU.Build.0 = Debug|Any CPU
		{A6AADBD4-CB42-4DA6-8302-63130FB53091}.Debug|x64.ActiveCfg = Debug|Any CPU
		{A6AADBD4-CB42-4DA6-8302-63130FB53091}.Debug|x64.Build.0 = Debug|Any CPU
		{A6AADBD4-CB42-4DA6-8302-63130FB53091}.Debug|x86.ActiveCfg = Debug|Any CPU
		{A6AADBD4-CB42-4DA6-8302-63130FB53091}.Debug|x86.Build.0 = Debug|Any CPU
		{A6AADBD4-CB42-4DA6-8302-63130FB53091}.Release|Any CPU.ActiveCfg = Release|Any CPU
		{A6AADBD4-CB42-4DA6-8302-63130FB53091}.Release|Any CPU.Build.0 = Release|Any CPU
		{A6AADBD4-CB42-4DA6-8302-63130FB53091}.Release|x64.ActiveCfg = Release|Any CPU
		{A6AADBD4-CB42-4DA6-8302-63130FB53091}.Release|x64.Build.0 = Release|Any CPU
		{A6AADBD4-CB42-4DA6-8302-63130FB53091}.Release|x86.ActiveCfg = Release|Any CPU
		{A6AADBD4-CB42-4DA6-8302-63130FB53091}.Release|x86.Build.0 = Release|Any CPU
		{F59D171D-E7D9-49A1-BC7D-0288BE8FC812}.Debug|Any CPU.ActiveCfg = Debug|Any CPU
		{F59D171D-E7D9-49A1-BC7D-0288BE8FC812}.Debug|Any CPU.Build.0 = Debug|Any CPU
		{F59D171D-E7D9-49A1-BC7D-0288BE8FC812}.Debug|x64.ActiveCfg = Debug|Any CPU
		{F59D171D-E7D9-49A1-BC7D-0288BE8FC812}.Debug|x64.Build.0 = Debug|Any CPU
		{F59D171D-E7D9-49A1-BC7D-0288BE8FC812}.Debug|x86.ActiveCfg = Debug|Any CPU
		{F59D171D-E7D9-49A1-BC7D-0288BE8FC812}.Debug|x86.Build.0 = Debug|Any CPU
		{F59D171D-E7D9-49A1-BC7D-0288BE8FC812}.Release|Any CPU.ActiveCfg = Release|Any CPU
		{F59D171D-E7D9-49A1-BC7D-0288BE8FC812}.Release|Any CPU.Build.0 = Release|Any CPU
		{F59D171D-E7D9-49A1-BC7D-0288BE8FC812}.Release|x64.ActiveCfg = Release|Any CPU
		{F59D171D-E7D9-49A1-BC7D-0288BE8FC812}.Release|x64.Build.0 = Release|Any CPU
		{F59D171D-E7D9-49A1-BC7D-0288BE8FC812}.Release|x86.ActiveCfg = Release|Any CPU
		{F59D171D-E7D9-49A1-BC7D-0288BE8FC812}.Release|x86.Build.0 = Release|Any CPU
	EndGlobalSection
	GlobalSection(SolutionProperties) = preSolution
		HideSolutionNode = FALSE
	EndGlobalSection
EndGlobal
